{
  "name": "poke-app",
  "version": "1.0.0",
  "lockfileVersion": 2,
  "requires": true,
  "packages": {
    "": {
      "name": "poke-app",
      "version": "1.0.0",
      "license": "ISC",
      "dependencies": {
        "animal-avatar-generator": "^1.0.5",
        "lit-element": "^3.2.0",
        "lit-html": "^2.2.6"
      }
    },
    "node_modules/@lit/reactive-element": {
      "version": "1.3.2",
      "resolved": "https://globaldevtools.bbva.com:443/artifactory/api/npm/npm-repo/@lit/reactive-element/-/reactive-element-1.3.2.tgz",
      "integrity": "sha1-Q+RwU3tuwsI1EMB4EmFtWqJ6F80=",
      "license": "BSD-3-Clause"
    },
    "node_modules/@types/trusted-types": {
      "version": "2.0.2",
      "resolved": "https://globaldevtools.bbva.com:443/artifactory/api/npm/npm-repo/@types/trusted-types/-/trusted-types-2.0.2.tgz",
      "integrity": "sha1-/CWtmUO8rBHM64Fo208nXg5y51Y=",
      "license": "MIT"
    },
    "node_modules/animal-avatar-generator": {
      "version": "1.0.5",
      "resolved": "https://globaldevtools.bbva.com:443/artifactory/api/npm/npm-repo/animal-avatar-generator/-/animal-avatar-generator-1.0.5.tgz",
      "integrity": "sha1-K7guLeHF4gk9etwdDMUb6RL3W18=",
      "license": "MIT"
    },
    "node_modules/lit-element": {
      "version": "3.2.0",
      "resolved": "https://globaldevtools.bbva.com:443/artifactory/api/npm/npm-repo/lit-element/-/lit-element-3.2.0.tgz",
      "integrity": "sha1-nJgcVd/ZqPEk3IY+22LMUp1DTbc=",
      "license": "BSD-3-Clause",
      "dependencies": {
        "@lit/reactive-element": "^1.3.0",
        "lit-html": "^2.2.0"
      }
    },
    "node_modules/lit-html": {
      "version": "2.2.6",
      "resolved": "https://globaldevtools.bbva.com:443/artifactory/api/npm/npm-repo/lit-html/-/lit-html-2.2.6.tgz",
      "integrity": "sha1-5wZ5YFQgo0xPPL0MSDsvsf/3gd8=",
      "license": "BSD-3-Clause",
      "dependencies": {
        "@types/trusted-types": "^2.0.2"
      }
    }
  },
  "dependencies": {
    "@lit/reactive-element": {
      "version": "1.3.2",
      "resolved": "https://globaldevtools.bbva.com:443/artifactory/api/npm/npm-repo/@lit/reactive-element/-/reactive-element-1.3.2.tgz",
      "integrity": "sha1-Q+RwU3tuwsI1EMB4EmFtWqJ6F80="
    },
    "@types/trusted-types": {
      "version": "2.0.2",
      "resolved": "https://globaldevtools.bbva.com:443/artifactory/api/npm/npm-repo/@types/trusted-types/-/trusted-types-2.0.2.tgz",
      "integrity": "sha1-/CWtmUO8rBHM64Fo208nXg5y51Y="
    },
    "animal-avatar-generator": {
      "version": "1.0.5",
      "resolved": "https://globaldevtools.bbva.com:443/artifactory/api/npm/npm-repo/animal-avatar-generator/-/animal-avatar-generator-1.0.5.tgz",
      "integrity": "sha1-K7guLeHF4gk9etwdDMUb6RL3W18="
    },
    "lit-element": {
      "version": "3.2.0",
      "resolved": "https://globaldevtools.bbva.com:443/artifactory/api/npm/npm-repo/lit-element/-/lit-element-3.2.0.tgz",
      "integrity": "sha1-nJgcVd/ZqPEk3IY+22LMUp1DTbc=",
      "requires": {
        "@lit/reactive-element": "^1.3.0",
        "lit-html": "^2.2.0"
      }
    },
    "lit-html": {
      "version": "2.2.6",
      "resolved": "https://globaldevtools.bbva.com:443/artifactory/api/npm/npm-repo/lit-html/-/lit-html-2.2.6.tgz",
      "integrity": "sha1-5wZ5YFQgo0xPPL0MSDsvsf/3gd8=",
      "requires": {
        "@types/trusted-types": "^2.0.2"
      }
    }
  }
}
